gitlab.com/Arkan501/arkanchesslib v0.0.0-20241128214314-270ed2e8b3b1 h1:M1yTbMItGCauSsR3obWu1+KZ5yt5C1PKE5b9jO2l+Oc=
gitlab.com/Arkan501/arkanchesslib v0.0.0-20241128214314-270ed2e8b3b1/go.mod h1:R+wlmNQ8ve5zMm59OR8WonCIhvh2k9lfjiaQUNsV36k=
gitlab.com/Arkan501/arkanchesslib v0.0.0-20241130160658-f9051bd88a45 h1:EVDO/fkl/x8pLOjVHolqxu4FOvJvlQqh1BlCaFlm1P8=
gitlab.com/Arkan501/arkanchesslib v0.0.0-20241130160658-f9051bd88a45/go.mod h1:R+wlmNQ8ve5zMm59OR8WonCIhvh2k9lfjiaQUNsV36k=
