gitlab.com/Arkan501/arkanchesslib v0.0.0-20241125213228-cfb4db7221ae h1:5uwtedm/W99fdJVOpyGFHRkdFd2vQ6AU3hl1CyOD3pw=
gitlab.com/Arkan501/arkanchesslib v0.0.0-20241125213228-cfb4db7221ae/go.mod h1:R+wlmNQ8ve5zMm59OR8WonCIhvh2k9lfjiaQUNsV36k=
gitlab.com/Arkan501/arkanchesslib v0.0.0-20241126200211-9189a9c57d3f h1:682nyabvosmJIubLUYbQ3l5flD11Np5ef95vXH5CJ7Q=
gitlab.com/Arkan501/arkanchesslib v0.0.0-20241126200211-9189a9c57d3f/go.mod h1:R+wlmNQ8ve5zMm59OR8WonCIhvh2k9lfjiaQUNsV36k=
